
Microsoft Visual Studio Solution File, Format Version 12.00
# Visual Studio Version 16
VisualStudioVersion = 16.0.30621.155
MinimumVisualStudioVersion = 10.0.40219.1
Project("{FAE04EC0-301F-11D3-BF4B-00C04F79EFBC}") = "Ejercicio1", "SolucionGuia\Ejercicio1.csproj", "{2208DFB3-3395-4B8B-837A-DBC1B5CBDDA7}"
EndProject
Project("{FAE04EC0-301F-11D3-BF4B-00C04F79EFBC}") = "Ejercicio2", "Ejercicio2\Ejercicio2.csproj", "{59B1A149-49B1-409D-8867-4DBFF2ABCF5B}"
EndProject
Project("{FAE04EC0-301F-11D3-BF4B-00C04F79EFBC}") = "Ejercicio3", "Ejercicio3\Ejercicio3.csproj", "{B4AEE720-BDAB-41FA-82A3-91C61D6FEF00}"
EndProject
Project("{FAE04EC0-301F-11D3-BF4B-00C04F79EFBC}") = "Ejercicio4", "Ejercicio4\Ejercicio4.csproj", "{BAE3E295-F43D-49D9-956B-86D7E8A990DD}"
EndProject
Project("{FAE04EC0-301F-11D3-BF4B-00C04F79EFBC}") = "Ejercicio5", "Ejercicio5\Ejercicio5.csproj", "{6E2392A4-EE58-4F7A-94A6-344D520C2187}"
EndProject
Project("{FAE04EC0-301F-11D3-BF4B-00C04F79EFBC}") = "Ejercicio6", "Ejercicio6\Ejercicio6.csproj", "{0E493016-CA09-48BC-9887-2DE058A24FFE}"
EndProject
Project("{FAE04EC0-301F-11D3-BF4B-00C04F79EFBC}") = "Ejercicio7", "Ejercicio7\Ejercicio7.csproj", "{9831C94B-B696-4842-B772-85C6C392E7EE}"
EndProject
Project("{FAE04EC0-301F-11D3-BF4B-00C04F79EFBC}") = "Ejercicio9", "Ejercicio9\Ejercicio9.csproj", "{9CC15A87-9864-415E-9CEF-3BAC47BBC2F0}"
EndProject
Project("{FAE04EC0-301F-11D3-BF4B-00C04F79EFBC}") = "Ejercicio10", "Ejercicio10\Ejercicio10.csproj", "{32FFAFBC-FDFE-49F4-92E9-B2E13774A22F}"
EndProject
Project("{FAE04EC0-301F-11D3-BF4B-00C04F79EFBC}") = "Ejercicio8", "Ejercicio8\Ejercicio8.csproj", "{C32433ED-F386-44AD-94C9-F01E6718A436}"
EndProject
Project("{FAE04EC0-301F-11D3-BF4B-00C04F79EFBC}") = "Ejercicio11", "Ejercicio11\Ejercicio11.csproj", "{89F5791B-1DC7-4DB8-AD72-79AA0C350979}"
EndProject
Project("{FAE04EC0-301F-11D3-BF4B-00C04F79EFBC}") = "Ejercicio12", "Ejercicio12\Ejercicio12.csproj", "{4A4332AD-0C90-4171-A6CE-D4626AE41FD8}"
EndProject
Project("{FAE04EC0-301F-11D3-BF4B-00C04F79EFBC}") = "Ejercicio13", "Ejercicio13\Ejercicio13.csproj", "{DECC8F43-CA3E-4CB0-AF9A-7B3B6AF91A7F}"
EndProject
Project("{FAE04EC0-301F-11D3-BF4B-00C04F79EFBC}") = "Ejercicio14", "Ejercicio14\Ejercicio14.csproj", "{7C323442-CD60-4141-94B3-2446FD6952C2}"
EndProject
Project("{FAE04EC0-301F-11D3-BF4B-00C04F79EFBC}") = "Ejercicio15", "Ejercicio15\Ejercicio15.csproj", "{BF2E9656-B906-48F6-BE19-944E0A86F101}"
EndProject
Project("{FAE04EC0-301F-11D3-BF4B-00C04F79EFBC}") = "Ejercicio16", "Ejercicio16\Ejercicio16.csproj", "{E1CF6B36-878A-4294-B7FA-EAB641CFA6E6}"
EndProject
Project("{FAE04EC0-301F-11D3-BF4B-00C04F79EFBC}") = "Ejercicio17", "Ejercicio17\Ejercicio17.csproj", "{558F5D65-6B70-44EA-AB79-C5C465F04ACA}"
EndProject
Project("{FAE04EC0-301F-11D3-BF4B-00C04F79EFBC}") = "Ejercicio18", "Ejercicio18\Ejercicio18.csproj", "{7D9D9DE8-0887-4DAC-B627-76937C4251B9}"
EndProject
Project("{FAE04EC0-301F-11D3-BF4B-00C04F79EFBC}") = "Ejercicio19", "Ejercicio19\Ejercicio19.csproj", "{8A4357B9-27F7-4CFF-BD04-891081325148}"
EndProject
Project("{FAE04EC0-301F-11D3-BF4B-00C04F79EFBC}") = "Geometría", "Geometría\Geometría.csproj", "{4751EF65-EA8E-473E-ADF6-D9CF36945B08}"
EndProject
Project("{FAE04EC0-301F-11D3-BF4B-00C04F79EFBC}") = "Ejercicio22", "Ejercicio22\Ejercicio22.csproj", "{1C70CB71-D6F3-4F9B-AE1E-A75CCEF8BC76}"
EndProject
Global
	GlobalSection(SolutionConfigurationPlatforms) = preSolution
		Debug|Any CPU = Debug|Any CPU
		Release|Any CPU = Release|Any CPU
	EndGlobalSection
	GlobalSection(ProjectConfigurationPlatforms) = postSolution
		{2208DFB3-3395-4B8B-837A-DBC1B5CBDDA7}.Debug|Any CPU.ActiveCfg = Debug|Any CPU
		{2208DFB3-3395-4B8B-837A-DBC1B5CBDDA7}.Debug|Any CPU.Build.0 = Debug|Any CPU
		{2208DFB3-3395-4B8B-837A-DBC1B5CBDDA7}.Release|Any CPU.ActiveCfg = Release|Any CPU
		{2208DFB3-3395-4B8B-837A-DBC1B5CBDDA7}.Release|Any CPU.Build.0 = Release|Any CPU
		{59B1A149-49B1-409D-8867-4DBFF2ABCF5B}.Debug|Any CPU.ActiveCfg = Debug|Any CPU
		{59B1A149-49B1-409D-8867-4DBFF2ABCF5B}.Debug|Any CPU.Build.0 = Debug|Any CPU
		{59B1A149-49B1-409D-8867-4DBFF2ABCF5B}.Release|Any CPU.ActiveCfg = Release|Any CPU
		{59B1A149-49B1-409D-8867-4DBFF2ABCF5B}.Release|Any CPU.Build.0 = Release|Any CPU
		{B4AEE720-BDAB-41FA-82A3-91C61D6FEF00}.Debug|Any CPU.ActiveCfg = Debug|Any CPU
		{B4AEE720-BDAB-41FA-82A3-91C61D6FEF00}.Debug|Any CPU.Build.0 = Debug|Any CPU
		{B4AEE720-BDAB-41FA-82A3-91C61D6FEF00}.Release|Any CPU.ActiveCfg = Release|Any CPU
		{B4AEE720-BDAB-41FA-82A3-91C61D6FEF00}.Release|Any CPU.Build.0 = Release|Any CPU
		{BAE3E295-F43D-49D9-956B-86D7E8A990DD}.Debug|Any CPU.ActiveCfg = Debug|Any CPU
		{BAE3E295-F43D-49D9-956B-86D7E8A990DD}.Debug|Any CPU.Build.0 = Debug|Any CPU
		{BAE3E295-F43D-49D9-956B-86D7E8A990DD}.Release|Any CPU.ActiveCfg = Release|Any CPU
		{BAE3E295-F43D-49D9-956B-86D7E8A990DD}.Release|Any CPU.Build.0 = Release|Any CPU
		{6E2392A4-EE58-4F7A-94A6-344D520C2187}.Debug|Any CPU.ActiveCfg = Debug|Any CPU
		{6E2392A4-EE58-4F7A-94A6-344D520C2187}.Debug|Any CPU.Build.0 = Debug|Any CPU
		{6E2392A4-EE58-4F7A-94A6-344D520C2187}.Release|Any CPU.ActiveCfg = Release|Any CPU
		{6E2392A4-EE58-4F7A-94A6-344D520C2187}.Release|Any CPU.Build.0 = Release|Any CPU
		{0E493016-CA09-48BC-9887-2DE058A24FFE}.Debug|Any CPU.ActiveCfg = Debug|Any CPU
		{0E493016-CA09-48BC-9887-2DE058A24FFE}.Debug|Any CPU.Build.0 = Debug|Any CPU
		{0E493016-CA09-48BC-9887-2DE058A24FFE}.Release|Any CPU.ActiveCfg = Release|Any CPU
		{0E493016-CA09-48BC-9887-2DE058A24FFE}.Release|Any CPU.Build.0 = Release|Any CPU
		{9831C94B-B696-4842-B772-85C6C392E7EE}.Debug|Any CPU.ActiveCfg = Debug|Any CPU
		{9831C94B-B696-4842-B772-85C6C392E7EE}.Debug|Any CPU.Build.0 = Debug|Any CPU
		{9831C94B-B696-4842-B772-85C6C392E7EE}.Release|Any CPU.ActiveCfg = Release|Any CPU
		{9831C94B-B696-4842-B772-85C6C392E7EE}.Release|Any CPU.Build.0 = Release|Any CPU
		{9CC15A87-9864-415E-9CEF-3BAC47BBC2F0}.Debug|Any CPU.ActiveCfg = Debug|Any CPU
		{9CC15A87-9864-415E-9CEF-3BAC47BBC2F0}.Debug|Any CPU.Build.0 = Debug|Any CPU
		{9CC15A87-9864-415E-9CEF-3BAC47BBC2F0}.Release|Any CPU.ActiveCfg = Release|Any CPU
		{9CC15A87-9864-415E-9CEF-3BAC47BBC2F0}.Release|Any CPU.Build.0 = Release|Any CPU
		{32FFAFBC-FDFE-49F4-92E9-B2E13774A22F}.Debug|Any CPU.ActiveCfg = Debug|Any CPU
		{32FFAFBC-FDFE-49F4-92E9-B2E13774A22F}.Debug|Any CPU.Build.0 = Debug|Any CPU
		{32FFAFBC-FDFE-49F4-92E9-B2E13774A22F}.Release|Any CPU.ActiveCfg = Release|Any CPU
		{32FFAFBC-FDFE-49F4-92E9-B2E13774A22F}.Release|Any CPU.Build.0 = Release|Any CPU
		{C32433ED-F386-44AD-94C9-F01E6718A436}.Debug|Any CPU.ActiveCfg = Debug|Any CPU
		{C32433ED-F386-44AD-94C9-F01E6718A436}.Debug|Any CPU.Build.0 = Debug|Any CPU
		{C32433ED-F386-44AD-94C9-F01E6718A436}.Release|Any CPU.ActiveCfg = Release|Any CPU
		{C32433ED-F386-44AD-94C9-F01E6718A436}.Release|Any CPU.Build.0 = Release|Any CPU
		{89F5791B-1DC7-4DB8-AD72-79AA0C350979}.Debug|Any CPU.ActiveCfg = Debug|Any CPU
		{89F5791B-1DC7-4DB8-AD72-79AA0C350979}.Debug|Any CPU.Build.0 = Debug|Any CPU
		{89F5791B-1DC7-4DB8-AD72-79AA0C350979}.Release|Any CPU.ActiveCfg = Release|Any CPU
		{89F5791B-1DC7-4DB8-AD72-79AA0C350979}.Release|Any CPU.Build.0 = Release|Any CPU
		{4A4332AD-0C90-4171-A6CE-D4626AE41FD8}.Debug|Any CPU.ActiveCfg = Debug|Any CPU
		{4A4332AD-0C90-4171-A6CE-D4626AE41FD8}.Debug|Any CPU.Build.0 = Debug|Any CPU
		{4A4332AD-0C90-4171-A6CE-D4626AE41FD8}.Release|Any CPU.ActiveCfg = Release|Any CPU
		{4A4332AD-0C90-4171-A6CE-D4626AE41FD8}.Release|Any CPU.Build.0 = Release|Any CPU
		{DECC8F43-CA3E-4CB0-AF9A-7B3B6AF91A7F}.Debug|Any CPU.ActiveCfg = Debug|Any CPU
		{DECC8F43-CA3E-4CB0-AF9A-7B3B6AF91A7F}.Debug|Any CPU.Build.0 = Debug|Any CPU
		{DECC8F43-CA3E-4CB0-AF9A-7B3B6AF91A7F}.Release|Any CPU.ActiveCfg = Release|Any CPU
		{DECC8F43-CA3E-4CB0-AF9A-7B3B6AF91A7F}.Release|Any CPU.Build.0 = Release|Any CPU
		{7C323442-CD60-4141-94B3-2446FD6952C2}.Debug|Any CPU.ActiveCfg = Debug|Any CPU
		{7C323442-CD60-4141-94B3-2446FD6952C2}.Debug|Any CPU.Build.0 = Debug|Any CPU
		{7C323442-CD60-4141-94B3-2446FD6952C2}.Release|Any CPU.ActiveCfg = Release|Any CPU
		{7C323442-CD60-4141-94B3-2446FD6952C2}.Release|Any CPU.Build.0 = Release|Any CPU
		{BF2E9656-B906-48F6-BE19-944E0A86F101}.Debug|Any CPU.ActiveCfg = Debug|Any CPU
		{BF2E9656-B906-48F6-BE19-944E0A86F101}.Debug|Any CPU.Build.0 = Debug|Any CPU
		{BF2E9656-B906-48F6-BE19-944E0A86F101}.Release|Any CPU.ActiveCfg = Release|Any CPU
		{BF2E9656-B906-48F6-BE19-944E0A86F101}.Release|Any CPU.Build.0 = Release|Any CPU
		{E1CF6B36-878A-4294-B7FA-EAB641CFA6E6}.Debug|Any CPU.ActiveCfg = Debug|Any CPU
		{E1CF6B36-878A-4294-B7FA-EAB641CFA6E6}.Debug|Any CPU.Build.0 = Debug|Any CPU
		{E1CF6B36-878A-4294-B7FA-EAB641CFA6E6}.Release|Any CPU.ActiveCfg = Release|Any CPU
		{E1CF6B36-878A-4294-B7FA-EAB641CFA6E6}.Release|Any CPU.Build.0 = Release|Any CPU
		{558F5D65-6B70-44EA-AB79-C5C465F04ACA}.Debug|Any CPU.ActiveCfg = Debug|Any CPU
		{558F5D65-6B70-44EA-AB79-C5C465F04ACA}.Debug|Any CPU.Build.0 = Debug|Any CPU
		{558F5D65-6B70-44EA-AB79-C5C465F04ACA}.Release|Any CPU.ActiveCfg = Release|Any CPU
		{558F5D65-6B70-44EA-AB79-C5C465F04ACA}.Release|Any CPU.Build.0 = Release|Any CPU
		{7D9D9DE8-0887-4DAC-B627-76937C4251B9}.Debug|Any CPU.ActiveCfg = Debug|Any CPU
		{7D9D9DE8-0887-4DAC-B627-76937C4251B9}.Debug|Any CPU.Build.0 = Debug|Any CPU
		{7D9D9DE8-0887-4DAC-B627-76937C4251B9}.Release|Any CPU.ActiveCfg = Release|Any CPU
		{7D9D9DE8-0887-4DAC-B627-76937C4251B9}.Release|Any CPU.Build.0 = Release|Any CPU
		{8A4357B9-27F7-4CFF-BD04-891081325148}.Debug|Any CPU.ActiveCfg = Debug|Any CPU
		{8A4357B9-27F7-4CFF-BD04-891081325148}.Debug|Any CPU.Build.0 = Debug|Any CPU
		{8A4357B9-27F7-4CFF-BD04-891081325148}.Release|Any CPU.ActiveCfg = Release|Any CPU
		{8A4357B9-27F7-4CFF-BD04-891081325148}.Release|Any CPU.Build.0 = Release|Any CPU
		{4751EF65-EA8E-473E-ADF6-D9CF36945B08}.Debug|Any CPU.ActiveCfg = Debug|Any CPU
		{4751EF65-EA8E-473E-ADF6-D9CF36945B08}.Debug|Any CPU.Build.0 = Debug|Any CPU
		{4751EF65-EA8E-473E-ADF6-D9CF36945B08}.Release|Any CPU.ActiveCfg = Release|Any CPU
		{4751EF65-EA8E-473E-ADF6-D9CF36945B08}.Release|Any CPU.Build.0 = Release|Any CPU
		{1C70CB71-D6F3-4F9B-AE1E-A75CCEF8BC76}.Debug|Any CPU.ActiveCfg = Debug|Any CPU
		{1C70CB71-D6F3-4F9B-AE1E-A75CCEF8BC76}.Debug|Any CPU.Build.0 = Debug|Any CPU
		{1C70CB71-D6F3-4F9B-AE1E-A75CCEF8BC76}.Release|Any CPU.ActiveCfg = Release|Any CPU
		{1C70CB71-D6F3-4F9B-AE1E-A75CCEF8BC76}.Release|Any CPU.Build.0 = Release|Any CPU
	EndGlobalSection
	GlobalSection(SolutionProperties) = preSolution
		HideSolutionNode = FALSE
	EndGlobalSection
	GlobalSection(ExtensibilityGlobals) = postSolution
		SolutionGuid = {D99C0F0E-5173-4DBD-AE17-5170262A935F}
	EndGlobalSection
EndGlobal
